{
  "name": "react-native-meteor",
  "version": "1.4.0",
  "lockfileVersion": 1,
  "requires": true,
  "dependencies": {
    "@react-native-community/netinfo": {
      "version": "5.5.1",
      "resolved": "https://registry.npmjs.org/@react-native-community/netinfo/-/netinfo-5.5.1.tgz",
      "integrity": "sha512-6NKX/WzzC5FP2RSzoq+7CW/iIiRL2S6yN0JKiGvZ8EWAzJ43dbX5KG4kRa1JiKopAal5Vyh80dymbygeylwekQ=="
    }
  }
}
